
Microsoft Visual Studio Solution File, Format Version 12.00
# Visual Studio 15
Project("{FAE04EC0-301F-11D3-BF4B-00C04F79EFBC}") = "Assembly-CSharp", "Assembly-CSharp.csproj", "{D663CDBC-6269-F0B5-A6E9-18AD9DD902A0}"
EndProject
Global
	GlobalSection(SolutionConfigurationPlatforms) = preSolution
		Debug|Any CPU = Debug|Any CPU
		Release|Any CPU = Release|Any CPU
	EndGlobalSection
	GlobalSection(ProjectConfigurationPlatforms) = postSolution
		{D663CDBC-6269-F0B5-A6E9-18AD9DD902A0}.Debug|Any CPU.ActiveCfg = Debug|Any CPU
		{D663CDBC-6269-F0B5-A6E9-18AD9DD902A0}.Debug|Any CPU.Build.0 = Debug|Any CPU
		{D663CDBC-6269-F0B5-A6E9-18AD9DD902A0}.Release|Any CPU.ActiveCfg = Release|Any CPU
		{D663CDBC-6269-F0B5-A6E9-18AD9DD902A0}.Release|Any CPU.Build.0 = Release|Any CPU
	EndGlobalSection
	GlobalSection(SolutionProperties) = preSolution
		HideSolutionNode = FALSE
	EndGlobalSection
EndGlobal
